{
  "name": "copilot-plan-time-machine",
  "version": "1.0.0",
  "lockfileVersion": 3,
  "requires": true,
  "packages": {
    "": {
      "name": "copilot-plan-time-machine",
      "version": "1.0.0",
      "dependencies": {
        "dompurify": "^3.4.15",
        "marked": "^18.0.12"
      },
      "engines": {
        "node": ">=22"
      }
    },
    "node_modules/@types/trusted-types": {
      "version": "2.0.7",
      "resolved": "https://ms-feed-25.pkgs.visualstudio.com/1es-public/_packaging/npm-public/npm/registry/@types/trusted-types/-/trusted-types-2.0.7.tgz",
      "integrity": "sha1-usywepcLkXB986PoumiWxX6tLRE=",
      "license": "MIT",
      "optional": true
    },
    "node_modules/dompurify": {
      "version": "3.4.15",
      "resolved": "https://ms-feed-25.pkgs.visualstudio.com/1es-public/_packaging/npm-public/npm/registry/dompurify/-/dompurify-3.4.15.tgz",
      "integrity": "sha1-MDUbNFE4lPQowTvdsov/CgJ66AQ=",
      "license": "(MPL-2.0 OR Apache-2.0)",
      "optionalDependencies": {
        "@types/trusted-types": "^2.0.7"
      }
    },
    "node_modules/marked": {
      "version": "18.0.12",
      "resolved": "https://ms-feed-25.pkgs.visualstudio.com/1es-public/_packaging/npm-public/npm/registry/marked/-/marked-18.0.12.tgz",
      "integrity": "sha1-JYQOyep7IvLaSLkmD/XYwqYEiZc=",
      "license": "MIT",
      "bin": {
        "marked": "bin/marked.js"
      },
      "engines": {
        "node": ">= 20"
      }
    }
  }
}
